
Microsoft Visual Studio Solution File, Format Version 12.00
# Visual Studio Version 16
VisualStudioVersion = 16.0.34031.81
MinimumVisualStudioVersion = 10.0.40219.1
Project("{FAE04EC0-301F-11D3-BF4B-00C04F79EFBC}") = "Bai05", "Bai01\Bai05.csproj", "{481A1FB1-8CDC-4EAF-9BF6-FF96D669A332}"
EndProject
Global
	GlobalSection(SolutionConfigurationPlatforms) = preSolution
		Debug|Any CPU = Debug|Any CPU
		Release|Any CPU = Release|Any CPU
	EndGlobalSection
	GlobalSection(ProjectConfigurationPlatforms) = postSolution
		{481A1FB1-8CDC-4EAF-9BF6-FF96D669A332}.Debug|Any CPU.ActiveCfg = Debug|Any CPU
		{481A1FB1-8CDC-4EAF-9BF6-FF96D669A332}.Debug|Any CPU.Build.0 = Debug|Any CPU
		{481A1FB1-8CDC-4EAF-9BF6-FF96D669A332}.Release|Any CPU.ActiveCfg = Release|Any CPU
		{481A1FB1-8CDC-4EAF-9BF6-FF96D669A332}.Release|Any CPU.Build.0 = Release|Any CPU
	EndGlobalSection
	GlobalSection(SolutionProperties) = preSolution
		HideSolutionNode = FALSE
	EndGlobalSection
	GlobalSection(ExtensibilityGlobals) = postSolution
		SolutionGuid = {FBFE0234-086D-4032-8518-8C3F60E17AA6}
	EndGlobalSection
EndGlobal
